
Microsoft Visual Studio Solution File, Format Version 12.00
# Visual Studio Version 17
VisualStudioVersion = 17.1.32210.238
MinimumVisualStudioVersion = 10.0.40219.1
Project("{2150E333-8FDC-42A3-9474-1A3956D46DE8}") = "Solution Items", "Solution Items", "{D4D7BBD3-6895-495B-ABBB-0D59AE6EFAAD}"
	ProjectSection(SolutionItems) = preProject
		..\.github\workflows\release.yml = ..\.github\workflows\release.yml
	EndProjectSection
EndProject
Project("{2150E333-8FDC-42A3-9474-1A3956D46DE8}") = "Windows", "Windows", "{56280251-B715-46CC-BF66-BC0B122C80A7}"
	ProjectSection(SolutionItems) = preProject
		..\deployment\Windows\readme.md = ..\deployment\Windows\readme.md
	EndProjectSection
EndProject
Project("{2150E333-8FDC-42A3-9474-1A3956D46DE8}") = "deployment", "deployment", "{C7040856-6AF9-4D2C-B475-3EA0693C7B4C}"
EndProject
Project("{2150E333-8FDC-42A3-9474-1A3956D46DE8}") = "Linux", "Linux", "{AEEF9B69-8355-4819-B19E-DFA62A169A15}"
	ProjectSection(SolutionItems) = preProject
		..\deployment\Linux\nginx.http = ..\deployment\Linux\nginx.http
		..\deployment\Linux\nginx.https = ..\deployment\Linux\nginx.https
		..\deployment\Linux\readme.md = ..\deployment\Linux\readme.md
		..\deployment\Linux\shorturl.service = ..\deployment\Linux\shorturl.service
	EndProjectSection
EndProject
Project("{2150E333-8FDC-42A3-9474-1A3956D46DE8}") = "management", "management", "{24738294-E986-45DD-BC2B-1922BC464D13}"
	ProjectSection(SolutionItems) = preProject
		..\management\readme.md = ..\management\readme.md
	EndProjectSection
EndProject
Project("{D954291E-2A0B-460D-934E-DC6B0785DB48}") = "Code", "Code\Code.shproj", "{0C52B44F-D899-4B9A-987B-E5A85BCD3D81}"
EndProject
Project("{FAE04EC0-301F-11D3-BF4B-00C04F79EFBC}") = "ShortUrl.DotNetCore31", "ShortUrl.DotNetCore31\ShortUrl.DotNetCore31.csproj", "{C750EAA5-A2C3-4C1F-8FB1-1125B99B2CAF}"
EndProject
Project("{FAE04EC0-301F-11D3-BF4B-00C04F79EFBC}") = "ShortUrl.DotNet5", "ShortUrl.DotNet5\ShortUrl.DotNet5.csproj", "{E526ADBF-69C5-4A03-8DF4-6F8B1DAAD445}"
EndProject
Project("{FAE04EC0-301F-11D3-BF4B-00C04F79EFBC}") = "ShortUrl.DotNet6", "ShortUrl.DotNet6\ShortUrl.DotNet6.csproj", "{E3EE4D2F-54B8-48FD-B562-745DFE854F93}"
EndProject
Global
	GlobalSection(SharedMSBuildProjectFiles) = preSolution
		Code\Code.projitems*{0c52b44f-d899-4b9a-987b-e5a85bcd3d81}*SharedItemsImports = 13
		Code\Code.projitems*{c750eaa5-a2c3-4c1f-8fb1-1125b99b2caf}*SharedItemsImports = 5
		Code\Code.projitems*{e3ee4d2f-54b8-48fd-b562-745dfe854f93}*SharedItemsImports = 5
		Code\Code.projitems*{e526adbf-69c5-4a03-8df4-6f8b1daad445}*SharedItemsImports = 5
	EndGlobalSection
	GlobalSection(SolutionConfigurationPlatforms) = preSolution
		Debug|Any CPU = Debug|Any CPU
		Release|Any CPU = Release|Any CPU
	EndGlobalSection
	GlobalSection(ProjectConfigurationPlatforms) = postSolution
		{C750EAA5-A2C3-4C1F-8FB1-1125B99B2CAF}.Debug|Any CPU.ActiveCfg = Debug|Any CPU
		{C750EAA5-A2C3-4C1F-8FB1-1125B99B2CAF}.Debug|Any CPU.Build.0 = Debug|Any CPU
		{C750EAA5-A2C3-4C1F-8FB1-1125B99B2CAF}.Release|Any CPU.ActiveCfg = Release|Any CPU
		{C750EAA5-A2C3-4C1F-8FB1-1125B99B2CAF}.Release|Any CPU.Build.0 = Release|Any CPU
		{E526ADBF-69C5-4A03-8DF4-6F8B1DAAD445}.Debug|Any CPU.ActiveCfg = Debug|Any CPU
		{E526ADBF-69C5-4A03-8DF4-6F8B1DAAD445}.Debug|Any CPU.Build.0 = Debug|Any CPU
		{E526ADBF-69C5-4A03-8DF4-6F8B1DAAD445}.Release|Any CPU.ActiveCfg = Release|Any CPU
		{E526ADBF-69C5-4A03-8DF4-6F8B1DAAD445}.Release|Any CPU.Build.0 = Release|Any CPU
		{E3EE4D2F-54B8-48FD-B562-745DFE854F93}.Debug|Any CPU.ActiveCfg = Debug|Any CPU
		{E3EE4D2F-54B8-48FD-B562-745DFE854F93}.Debug|Any CPU.Build.0 = Debug|Any CPU
		{E3EE4D2F-54B8-48FD-B562-745DFE854F93}.Release|Any CPU.ActiveCfg = Release|Any CPU
		{E3EE4D2F-54B8-48FD-B562-745DFE854F93}.Release|Any CPU.Build.0 = Release|Any CPU
	EndGlobalSection
	GlobalSection(SolutionProperties) = preSolution
		HideSolutionNode = FALSE
	EndGlobalSection
	GlobalSection(NestedProjects) = preSolution
		{56280251-B715-46CC-BF66-BC0B122C80A7} = {C7040856-6AF9-4D2C-B475-3EA0693C7B4C}
		{C7040856-6AF9-4D2C-B475-3EA0693C7B4C} = {D4D7BBD3-6895-495B-ABBB-0D59AE6EFAAD}
		{AEEF9B69-8355-4819-B19E-DFA62A169A15} = {C7040856-6AF9-4D2C-B475-3EA0693C7B4C}
		{24738294-E986-45DD-BC2B-1922BC464D13} = {D4D7BBD3-6895-495B-ABBB-0D59AE6EFAAD}
	EndGlobalSection
	GlobalSection(ExtensibilityGlobals) = postSolution
		SolutionGuid = {F16FE015-DE1A-4533-8B82-2BB0498348A6}
	EndGlobalSection
EndGlobal
